
Microsoft Visual Studio Solution File, Format Version 12.00
# Visual Studio Version 17
VisualStudioVersion = 17.6.33829.357
MinimumVisualStudioVersion = 10.0.40219.1
Project("{54A90642-561A-4BB1-A94E-469ADEE60C69}") = "dietdisplay.web", "DietDisplay.Web\dietdisplay.web.esproj", "{B94F958E-6DAB-4499-8E0E-CBF191273F01}"
EndProject
Project("{9A19103F-16F7-4668-BE54-9A1E7A4F7556}") = "DietDisplay.API", "DietDisplay.API\DietDisplay.API.csproj", "{B9FC826D-759E-4FAD-8751-5135BAFE5BA2}"
EndProject
Project("{FAE04EC0-301F-11D3-BF4B-00C04F79EFBC}") = "DietDisplay.API.Tests", "DietDisplay.API.Tests\DietDisplay.API.Tests.csproj", "{E6DFA702-4565-41F3-9A7A-016AA06D816E}"
EndProject
Global
	GlobalSection(SolutionConfigurationPlatforms) = preSolution
		Debug|Any CPU = Debug|Any CPU
		Release|Any CPU = Release|Any CPU
	EndGlobalSection
	GlobalSection(ProjectConfigurationPlatforms) = postSolution
		{B94F958E-6DAB-4499-8E0E-CBF191273F01}.Debug|Any CPU.ActiveCfg = Debug|Any CPU
		{B94F958E-6DAB-4499-8E0E-CBF191273F01}.Debug|Any CPU.Build.0 = Debug|Any CPU
		{B94F958E-6DAB-4499-8E0E-CBF191273F01}.Debug|Any CPU.Deploy.0 = Debug|Any CPU
		{B94F958E-6DAB-4499-8E0E-CBF191273F01}.Release|Any CPU.ActiveCfg = Release|Any CPU
		{B94F958E-6DAB-4499-8E0E-CBF191273F01}.Release|Any CPU.Build.0 = Release|Any CPU
		{B94F958E-6DAB-4499-8E0E-CBF191273F01}.Release|Any CPU.Deploy.0 = Release|Any CPU
		{B9FC826D-759E-4FAD-8751-5135BAFE5BA2}.Debug|Any CPU.ActiveCfg = Debug|Any CPU
		{B9FC826D-759E-4FAD-8751-5135BAFE5BA2}.Debug|Any CPU.Build.0 = Debug|Any CPU
		{B9FC826D-759E-4FAD-8751-5135BAFE5BA2}.Release|Any CPU.ActiveCfg = Release|Any CPU
		{B9FC826D-759E-4FAD-8751-5135BAFE5BA2}.Release|Any CPU.Build.0 = Release|Any CPU
		{E6DFA702-4565-41F3-9A7A-016AA06D816E}.Debug|Any CPU.ActiveCfg = Debug|Any CPU
		{E6DFA702-4565-41F3-9A7A-016AA06D816E}.Debug|Any CPU.Build.0 = Debug|Any CPU
		{E6DFA702-4565-41F3-9A7A-016AA06D816E}.Release|Any CPU.ActiveCfg = Release|Any CPU
		{E6DFA702-4565-41F3-9A7A-016AA06D816E}.Release|Any CPU.Build.0 = Release|Any CPU
	EndGlobalSection
	GlobalSection(SolutionProperties) = preSolution
		HideSolutionNode = FALSE
	EndGlobalSection
	GlobalSection(ExtensibilityGlobals) = postSolution
		SolutionGuid = {1B8951C9-EA67-4C79-9E79-5A5BC7290DEB}
	EndGlobalSection
EndGlobal
